{
  "name": "AI Video Transcriber",
  "version": "2.0.0",
  "description": "Django-based AI video transcriber using Whisper, Gemini, and HuggingFace Transformers",
  "lockfileVersion": 3,
  "requires": true,
  "packages": {
    "": {
      "name": "AI Video Transcriber",
      "version": "2.0.0",
      "description": "Django-based AI video transcriber using Whisper, Gemini, and HuggingFace Transformers",
      "main": "main.py",
      "scripts": {
        "start": "python3 main.py",
        "dev": "python3 manage.py runserver",
        "migrate": "python3 manage.py migrate",
        "test": "python3 test_emotion.py"
      },
      "repository": {
        "type": "git",
        "url": "git+https://github.com/yourusername/ai-video-transcriber.git"
      },
      "keywords": [
        "ai",
        "video",
        "transcription",
        "whisper",
        "gemini",
        "django",
        "transformers",
        "nlp",
        "sentiment-analysis"
      ],
      "author": "Your Name",
      "license": "MIT",
      "engines": {
        "python": ">=3.9"
      },
      "dependencies": {},
      "devDependencies": {}
    }
  }
}
